<Solution>
  <Folder Name="/ideas/">
    <File Path="ideas\Ideas.md" />
  </Folder>
  <Project Path="examples/PlaygroundApi\PlaygroundApi.csproj" Type="Classic C#" />
  <Project Path="src\Saithis.CloudEventBus.EfCoreOutbox\Saithis.CloudEventBus.EfCoreOutbox.csproj" Type="Classic C#" />
  <Project Path="src\Saithis.CloudEventBus.RabbitMq\Saithis.CloudEventBus.RabbitMq.csproj" Type="Classic C#" />
  <Project Path="src\Saithis.CloudEventBus\Saithis.CloudEventBus.csproj" Type="Classic C#" />
</Solution>